
Microsoft Visual Studio Solution File, Format Version 12.00
# Visual Studio Version 17
VisualStudioVersion = 17.11.35327.3
MinimumVisualStudioVersion = 10.0.40219.1
Project("{2150E333-8FDC-42A3-9474-1A3956D46DE8}") = "Task0", "Task0", "{CE63A3C4-A5FC-420D-B6D1-E929F9C3E90E}"
EndProject
Project("{9A19103F-16F7-4668-BE54-9A1E7A4F7556}") = "Tyuiu.ShindinDN.Sprint4.Task0.V27", "Tyuiu.ShindinDN.Sprint4.Task0.V27\Tyuiu.ShindinDN.Sprint4.Task0.V27.csproj", "{B0649434-2B38-4D08-9F00-CDAFD50A02D8}"
EndProject
Project("{9A19103F-16F7-4668-BE54-9A1E7A4F7556}") = "Tyuiu.ShindinDN.Sprint4.Task0.V27.Lib", "Tyuiu.ShindinDN.Sprint4.Task0.V27.Lib\Tyuiu.ShindinDN.Sprint4.Task0.V27.Lib.csproj", "{A6D4008D-E7F5-431B-8E90-F13EA1A921FC}"
EndProject
Project("{9A19103F-16F7-4668-BE54-9A1E7A4F7556}") = "Tyuiu.ShindinDN.Sprint4.Task0.V27.Test", "Tyuiu.ShindinDN.Sprint4.Task0.V27.Test\Tyuiu.ShindinDN.Sprint4.Task0.V27.Test.csproj", "{7DA6FDD5-9948-4F81-8A15-59C78CE40FA8}"
EndProject
Project("{2150E333-8FDC-42A3-9474-1A3956D46DE8}") = "Task1", "Task1", "{ECC34C50-284E-4A64-BF1D-91C46A48A34A}"
EndProject
Project("{FAE04EC0-301F-11D3-BF4B-00C04F79EFBC}") = "Tyuiu.ShindinDN.Sprint4.Task1.V29", "Tyuiu.ShindinDN.Sprint4.Task1.V29\Tyuiu.ShindinDN.Sprint4.Task1.V29.csproj", "{EA2A6DEF-6A4D-463D-8321-3A870BDA37ED}"
EndProject
Project("{FAE04EC0-301F-11D3-BF4B-00C04F79EFBC}") = "Tyuiu.ShindinDN.Sprint4.Task1.V29.Lib", "Tyuiu.ShindinDN.Sprint4.Task1.V29.Lib\Tyuiu.ShindinDN.Sprint4.Task1.V29.Lib.csproj", "{ACD63C55-752A-4244-862F-6FB42A72BF7E}"
EndProject
Project("{FAE04EC0-301F-11D3-BF4B-00C04F79EFBC}") = "Tyuiu.ShindinDN.Sprint4.Task1.V29.Test", "Tyuiu.ShindinDN.Sprint4.Task1.V29.Test\Tyuiu.ShindinDN.Sprint4.Task1.V29.Test.csproj", "{3F701AE5-4F8B-4170-A163-05B7D5B89944}"
EndProject
Project("{2150E333-8FDC-42A3-9474-1A3956D46DE8}") = "Task2", "Task2", "{110E85BF-AF0A-4C50-BF72-CBF81F08C7DA}"
EndProject
Project("{FAE04EC0-301F-11D3-BF4B-00C04F79EFBC}") = "Tyuiu.ShindinDN.Sprint4.Task2.V22", "Tyuiu.ShindinDN.Sprint4.Task2.V22\Tyuiu.ShindinDN.Sprint4.Task2.V22.csproj", "{A4C310FC-7D37-438A-A57E-25196F501F1A}"
EndProject
Project("{FAE04EC0-301F-11D3-BF4B-00C04F79EFBC}") = "Tyuiu.ShindinDN.Sprint4.Task2.V22.Lib", "Tyuiu.ShindinDN.Sprint4.Task2.V22.Lib\Tyuiu.ShindinDN.Sprint4.Task2.V22.Lib.csproj", "{1CCC8C5D-FA3E-4D95-9B8B-9EC94A5AB796}"
EndProject
Project("{FAE04EC0-301F-11D3-BF4B-00C04F79EFBC}") = "Tyuiu.ShindinDN.Sprint4.Task2.V22.Test", "Tyuiu.ShindinDN.Sprint4.Task2.V22.Test\Tyuiu.ShindinDN.Sprint4.Task2.V22.Test.csproj", "{24F83E80-5812-44F3-A421-F52B4E37874F}"
EndProject
Project("{2150E333-8FDC-42A3-9474-1A3956D46DE8}") = "Task3", "Task3", "{725BF50C-452C-4DE7-86FE-298D3D31455A}"
EndProject
Project("{FAE04EC0-301F-11D3-BF4B-00C04F79EFBC}") = "Tyuiu.ShindinDN.Sprint4.Task3.V12", "Tyuiu.ShindinDN.Sprint4.Task3.V12\Tyuiu.ShindinDN.Sprint4.Task3.V12.csproj", "{C599D4D5-913C-4D10-BB27-6A43C421F876}"
EndProject
Project("{FAE04EC0-301F-11D3-BF4B-00C04F79EFBC}") = "Tyuiu.ShindinDN.Sprint4.Task3.V12.Lib", "Tyuiu.ShindinDN.Sprint4.Task3.V12.Lib\Tyuiu.ShindinDN.Sprint4.Task3.V12.Lib.csproj", "{9B177713-22A9-47FC-A191-0EF4E52C7208}"
EndProject
Project("{FAE04EC0-301F-11D3-BF4B-00C04F79EFBC}") = "Tyuiu.ShindinDN.Sprint4.Task3.V12.Test", "Tyuiu.ShindinDN.Sprint4.Task3.V12.Test\Tyuiu.ShindinDN.Sprint4.Task3.V12.Test.csproj", "{D2005096-D2F5-4BFB-94EF-0630646DCA73}"
EndProject
Project("{2150E333-8FDC-42A3-9474-1A3956D46DE8}") = "Task4", "Task4", "{F2D2D996-4343-42F4-8850-933477C282B4}"
EndProject
Project("{FAE04EC0-301F-11D3-BF4B-00C04F79EFBC}") = "Tyuiu.ShindinDN.Sprint4.Task4.V29", "Tyuiu.ShindinDN.Sprint4.Task4.V29\Tyuiu.ShindinDN.Sprint4.Task4.V29.csproj", "{3411DCA7-0AF5-4305-BA15-D5040E51EFA4}"
EndProject
Project("{FAE04EC0-301F-11D3-BF4B-00C04F79EFBC}") = "Tyuiu.ShindinDN.Sprint4.Task4.V29.Lib", "Tyuiu.ShindinDN.Sprint4.Task4.V29.Lib\Tyuiu.ShindinDN.Sprint4.Task4.V29.Lib.csproj", "{CC0C7DDB-1D38-4B69-B389-286F1D46171E}"
EndProject
Project("{FAE04EC0-301F-11D3-BF4B-00C04F79EFBC}") = "Tyuiu.ShindinDN.Sprint4.Task4.V29.Test", "Tyuiu.ShindinDN.Sprint4.Task4.V29.Test\Tyuiu.ShindinDN.Sprint4.Task4.V29.Test.csproj", "{DD24EEE7-FB48-48D2-999E-3ADCC63A0C58}"
EndProject
Project("{2150E333-8FDC-42A3-9474-1A3956D46DE8}") = "Task5", "Task5", "{C7F1659E-E982-4EAB-A5C3-967A71A26A28}"
EndProject
Project("{FAE04EC0-301F-11D3-BF4B-00C04F79EFBC}") = "Tyuiu.ShindinDN.Sprint4.Task5.V20", "Tyuiu.ShindinDN.Sprint4.Task5.V20\Tyuiu.ShindinDN.Sprint4.Task5.V20.csproj", "{08DD0E23-9670-4216-AF3D-1A6413439A66}"
EndProject
Project("{FAE04EC0-301F-11D3-BF4B-00C04F79EFBC}") = "Tyuiu.ShindinDN.Sprint4.Task5.V20.Lib", "Tyuiu.ShindinDN.Sprint4.Task5.V20.Lib\Tyuiu.ShindinDN.Sprint4.Task5.V20.Lib.csproj", "{615D5CB2-DBCB-49D1-8DC6-4FA5C14C9916}"
EndProject
Project("{FAE04EC0-301F-11D3-BF4B-00C04F79EFBC}") = "Tyuiu.ShindinDN.Sprint4.Task5.V20.Test", "Tyuiu.ShindinDN.Sprint4.Task5.V20.Test\Tyuiu.ShindinDN.Sprint4.Task5.V20.Test.csproj", "{F207026F-DAC4-4C11-91E9-4C31A9DCD3C1}"
EndProject
Project("{2150E333-8FDC-42A3-9474-1A3956D46DE8}") = "Task6", "Task6", "{D266937C-C1F1-4BE3-AC47-64372C65C77B}"
EndProject
Project("{FAE04EC0-301F-11D3-BF4B-00C04F79EFBC}") = "Tyuiu.ShindinDN.Sprint4.Task6.V24", "Tyuiu.ShindinDN.Sprint4.Task6.V24\Tyuiu.ShindinDN.Sprint4.Task6.V24.csproj", "{A770D88D-B3B2-46C7-981E-90383B6844D1}"
EndProject
Project("{FAE04EC0-301F-11D3-BF4B-00C04F79EFBC}") = "Tyuiu.ShindinDN.Sprint4.Task6.V24.Lib", "Tyuiu.ShindinDN.Sprint4.Task6.V24.Lib\Tyuiu.ShindinDN.Sprint4.Task6.V24.Lib.csproj", "{08621735-6A01-453E-8D86-DF1E189B48A3}"
EndProject
Project("{FAE04EC0-301F-11D3-BF4B-00C04F79EFBC}") = "Tyuiu.ShindinDN.Sprint4.Task6.V24.Test", "Tyuiu.ShindinDN.Sprint4.Task6.V24.Test\Tyuiu.ShindinDN.Sprint4.Task6.V24.Test.csproj", "{9A4A0576-F0C5-40C4-97C3-BAD61F740DDE}"
EndProject
Global
	GlobalSection(SolutionConfigurationPlatforms) = preSolution
		Debug|Any CPU = Debug|Any CPU
		Release|Any CPU = Release|Any CPU
	EndGlobalSection
	GlobalSection(ProjectConfigurationPlatforms) = postSolution
		{B0649434-2B38-4D08-9F00-CDAFD50A02D8}.Debug|Any CPU.ActiveCfg = Debug|Any CPU
		{B0649434-2B38-4D08-9F00-CDAFD50A02D8}.Debug|Any CPU.Build.0 = Debug|Any CPU
		{B0649434-2B38-4D08-9F00-CDAFD50A02D8}.Release|Any CPU.ActiveCfg = Release|Any CPU
		{B0649434-2B38-4D08-9F00-CDAFD50A02D8}.Release|Any CPU.Build.0 = Release|Any CPU
		{A6D4008D-E7F5-431B-8E90-F13EA1A921FC}.Debug|Any CPU.ActiveCfg = Debug|Any CPU
		{A6D4008D-E7F5-431B-8E90-F13EA1A921FC}.Debug|Any CPU.Build.0 = Debug|Any CPU
		{A6D4008D-E7F5-431B-8E90-F13EA1A921FC}.Release|Any CPU.ActiveCfg = Release|Any CPU
		{A6D4008D-E7F5-431B-8E90-F13EA1A921FC}.Release|Any CPU.Build.0 = Release|Any CPU
		{7DA6FDD5-9948-4F81-8A15-59C78CE40FA8}.Debug|Any CPU.ActiveCfg = Debug|Any CPU
		{7DA6FDD5-9948-4F81-8A15-59C78CE40FA8}.Debug|Any CPU.Build.0 = Debug|Any CPU
		{7DA6FDD5-9948-4F81-8A15-59C78CE40FA8}.Release|Any CPU.ActiveCfg = Release|Any CPU
		{7DA6FDD5-9948-4F81-8A15-59C78CE40FA8}.Release|Any CPU.Build.0 = Release|Any CPU
		{EA2A6DEF-6A4D-463D-8321-3A870BDA37ED}.Debug|Any CPU.ActiveCfg = Debug|Any CPU
		{EA2A6DEF-6A4D-463D-8321-3A870BDA37ED}.Debug|Any CPU.Build.0 = Debug|Any CPU
		{EA2A6DEF-6A4D-463D-8321-3A870BDA37ED}.Release|Any CPU.ActiveCfg = Release|Any CPU
		{EA2A6DEF-6A4D-463D-8321-3A870BDA37ED}.Release|Any CPU.Build.0 = Release|Any CPU
		{ACD63C55-752A-4244-862F-6FB42A72BF7E}.Debug|Any CPU.ActiveCfg = Debug|Any CPU
		{ACD63C55-752A-4244-862F-6FB42A72BF7E}.Debug|Any CPU.Build.0 = Debug|Any CPU
		{ACD63C55-752A-4244-862F-6FB42A72BF7E}.Release|Any CPU.ActiveCfg = Release|Any CPU
		{ACD63C55-752A-4244-862F-6FB42A72BF7E}.Release|Any CPU.Build.0 = Release|Any CPU
		{3F701AE5-4F8B-4170-A163-05B7D5B89944}.Debug|Any CPU.ActiveCfg = Debug|Any CPU
		{3F701AE5-4F8B-4170-A163-05B7D5B89944}.Debug|Any CPU.Build.0 = Debug|Any CPU
		{3F701AE5-4F8B-4170-A163-05B7D5B89944}.Release|Any CPU.ActiveCfg = Release|Any CPU
		{3F701AE5-4F8B-4170-A163-05B7D5B89944}.Release|Any CPU.Build.0 = Release|Any CPU
		{A4C310FC-7D37-438A-A57E-25196F501F1A}.Debug|Any CPU.ActiveCfg = Debug|Any CPU
		{A4C310FC-7D37-438A-A57E-25196F501F1A}.Debug|Any CPU.Build.0 = Debug|Any CPU
		{A4C310FC-7D37-438A-A57E-25196F501F1A}.Release|Any CPU.ActiveCfg = Release|Any CPU
		{A4C310FC-7D37-438A-A57E-25196F501F1A}.Release|Any CPU.Build.0 = Release|Any CPU
		{1CCC8C5D-FA3E-4D95-9B8B-9EC94A5AB796}.Debug|Any CPU.ActiveCfg = Debug|Any CPU
		{1CCC8C5D-FA3E-4D95-9B8B-9EC94A5AB796}.Debug|Any CPU.Build.0 = Debug|Any CPU
		{1CCC8C5D-FA3E-4D95-9B8B-9EC94A5AB796}.Release|Any CPU.ActiveCfg = Release|Any CPU
		{1CCC8C5D-FA3E-4D95-9B8B-9EC94A5AB796}.Release|Any CPU.Build.0 = Release|Any CPU
		{24F83E80-5812-44F3-A421-F52B4E37874F}.Debug|Any CPU.ActiveCfg = Debug|Any CPU
		{24F83E80-5812-44F3-A421-F52B4E37874F}.Debug|Any CPU.Build.0 = Debug|Any CPU
		{24F83E80-5812-44F3-A421-F52B4E37874F}.Release|Any CPU.ActiveCfg = Release|Any CPU
		{24F83E80-5812-44F3-A421-F52B4E37874F}.Release|Any CPU.Build.0 = Release|Any CPU
		{C599D4D5-913C-4D10-BB27-6A43C421F876}.Debug|Any CPU.ActiveCfg = Debug|Any CPU
		{C599D4D5-913C-4D10-BB27-6A43C421F876}.Debug|Any CPU.Build.0 = Debug|Any CPU
		{C599D4D5-913C-4D10-BB27-6A43C421F876}.Release|Any CPU.ActiveCfg = Release|Any CPU
		{C599D4D5-913C-4D10-BB27-6A43C421F876}.Release|Any CPU.Build.0 = Release|Any CPU
		{9B177713-22A9-47FC-A191-0EF4E52C7208}.Debug|Any CPU.ActiveCfg = Debug|Any CPU
		{9B177713-22A9-47FC-A191-0EF4E52C7208}.Debug|Any CPU.Build.0 = Debug|Any CPU
		{9B177713-22A9-47FC-A191-0EF4E52C7208}.Release|Any CPU.ActiveCfg = Release|Any CPU
		{9B177713-22A9-47FC-A191-0EF4E52C7208}.Release|Any CPU.Build.0 = Release|Any CPU
		{D2005096-D2F5-4BFB-94EF-0630646DCA73}.Debug|Any CPU.ActiveCfg = Debug|Any CPU
		{D2005096-D2F5-4BFB-94EF-0630646DCA73}.Debug|Any CPU.Build.0 = Debug|Any CPU
		{D2005096-D2F5-4BFB-94EF-0630646DCA73}.Release|Any CPU.ActiveCfg = Release|Any CPU
		{D2005096-D2F5-4BFB-94EF-0630646DCA73}.Release|Any CPU.Build.0 = Release|Any CPU
		{3411DCA7-0AF5-4305-BA15-D5040E51EFA4}.Debug|Any CPU.ActiveCfg = Debug|Any CPU
		{3411DCA7-0AF5-4305-BA15-D5040E51EFA4}.Debug|Any CPU.Build.0 = Debug|Any CPU
		{3411DCA7-0AF5-4305-BA15-D5040E51EFA4}.Release|Any CPU.ActiveCfg = Release|Any CPU
		{3411DCA7-0AF5-4305-BA15-D5040E51EFA4}.Release|Any CPU.Build.0 = Release|Any CPU
		{CC0C7DDB-1D38-4B69-B389-286F1D46171E}.Debug|Any CPU.ActiveCfg = Debug|Any CPU
		{CC0C7DDB-1D38-4B69-B389-286F1D46171E}.Debug|Any CPU.Build.0 = Debug|Any CPU
		{CC0C7DDB-1D38-4B69-B389-286F1D46171E}.Release|Any CPU.ActiveCfg = Release|Any CPU
		{CC0C7DDB-1D38-4B69-B389-286F1D46171E}.Release|Any CPU.Build.0 = Release|Any CPU
		{DD24EEE7-FB48-48D2-999E-3ADCC63A0C58}.Debug|Any CPU.ActiveCfg = Debug|Any CPU
		{DD24EEE7-FB48-48D2-999E-3ADCC63A0C58}.Debug|Any CPU.Build.0 = Debug|Any CPU
		{DD24EEE7-FB48-48D2-999E-3ADCC63A0C58}.Release|Any CPU.ActiveCfg = Release|Any CPU
		{DD24EEE7-FB48-48D2-999E-3ADCC63A0C58}.Release|Any CPU.Build.0 = Release|Any CPU
		{08DD0E23-9670-4216-AF3D-1A6413439A66}.Debug|Any CPU.ActiveCfg = Debug|Any CPU
		{08DD0E23-9670-4216-AF3D-1A6413439A66}.Debug|Any CPU.Build.0 = Debug|Any CPU
		{08DD0E23-9670-4216-AF3D-1A6413439A66}.Release|Any CPU.ActiveCfg = Release|Any CPU
		{08DD0E23-9670-4216-AF3D-1A6413439A66}.Release|Any CPU.Build.0 = Release|Any CPU
		{615D5CB2-DBCB-49D1-8DC6-4FA5C14C9916}.Debug|Any CPU.ActiveCfg = Debug|Any CPU
		{615D5CB2-DBCB-49D1-8DC6-4FA5C14C9916}.Debug|Any CPU.Build.0 = Debug|Any CPU
		{615D5CB2-DBCB-49D1-8DC6-4FA5C14C9916}.Release|Any CPU.ActiveCfg = Release|Any CPU
		{615D5CB2-DBCB-49D1-8DC6-4FA5C14C9916}.Release|Any CPU.Build.0 = Release|Any CPU
		{F207026F-DAC4-4C11-91E9-4C31A9DCD3C1}.Debug|Any CPU.ActiveCfg = Debug|Any CPU
		{F207026F-DAC4-4C11-91E9-4C31A9DCD3C1}.Debug|Any CPU.Build.0 = Debug|Any CPU
		{F207026F-DAC4-4C11-91E9-4C31A9DCD3C1}.Release|Any CPU.ActiveCfg = Release|Any CPU
		{F207026F-DAC4-4C11-91E9-4C31A9DCD3C1}.Release|Any CPU.Build.0 = Release|Any CPU
		{A770D88D-B3B2-46C7-981E-90383B6844D1}.Debug|Any CPU.ActiveCfg = Debug|Any CPU
		{A770D88D-B3B2-46C7-981E-90383B6844D1}.Debug|Any CPU.Build.0 = Debug|Any CPU
		{A770D88D-B3B2-46C7-981E-90383B6844D1}.Release|Any CPU.ActiveCfg = Release|Any CPU
		{A770D88D-B3B2-46C7-981E-90383B6844D1}.Release|Any CPU.Build.0 = Release|Any CPU
		{08621735-6A01-453E-8D86-DF1E189B48A3}.Debug|Any CPU.ActiveCfg = Debug|Any CPU
		{08621735-6A01-453E-8D86-DF1E189B48A3}.Debug|Any CPU.Build.0 = Debug|Any CPU
		{08621735-6A01-453E-8D86-DF1E189B48A3}.Release|Any CPU.ActiveCfg = Release|Any CPU
		{08621735-6A01-453E-8D86-DF1E189B48A3}.Release|Any CPU.Build.0 = Release|Any CPU
		{9A4A0576-F0C5-40C4-97C3-BAD61F740DDE}.Debug|Any CPU.ActiveCfg = Debug|Any CPU
		{9A4A0576-F0C5-40C4-97C3-BAD61F740DDE}.Debug|Any CPU.Build.0 = Debug|Any CPU
		{9A4A0576-F0C5-40C4-97C3-BAD61F740DDE}.Release|Any CPU.ActiveCfg = Release|Any CPU
		{9A4A0576-F0C5-40C4-97C3-BAD61F740DDE}.Release|Any CPU.Build.0 = Release|Any CPU
	EndGlobalSection
	GlobalSection(SolutionProperties) = preSolution
		HideSolutionNode = FALSE
	EndGlobalSection
	GlobalSection(NestedProjects) = preSolution
		{B0649434-2B38-4D08-9F00-CDAFD50A02D8} = {CE63A3C4-A5FC-420D-B6D1-E929F9C3E90E}
		{A6D4008D-E7F5-431B-8E90-F13EA1A921FC} = {CE63A3C4-A5FC-420D-B6D1-E929F9C3E90E}
		{7DA6FDD5-9948-4F81-8A15-59C78CE40FA8} = {CE63A3C4-A5FC-420D-B6D1-E929F9C3E90E}
		{EA2A6DEF-6A4D-463D-8321-3A870BDA37ED} = {ECC34C50-284E-4A64-BF1D-91C46A48A34A}
		{ACD63C55-752A-4244-862F-6FB42A72BF7E} = {ECC34C50-284E-4A64-BF1D-91C46A48A34A}
		{3F701AE5-4F8B-4170-A163-05B7D5B89944} = {ECC34C50-284E-4A64-BF1D-91C46A48A34A}
		{A4C310FC-7D37-438A-A57E-25196F501F1A} = {110E85BF-AF0A-4C50-BF72-CBF81F08C7DA}
		{1CCC8C5D-FA3E-4D95-9B8B-9EC94A5AB796} = {110E85BF-AF0A-4C50-BF72-CBF81F08C7DA}
		{24F83E80-5812-44F3-A421-F52B4E37874F} = {110E85BF-AF0A-4C50-BF72-CBF81F08C7DA}
		{C599D4D5-913C-4D10-BB27-6A43C421F876} = {725BF50C-452C-4DE7-86FE-298D3D31455A}
		{9B177713-22A9-47FC-A191-0EF4E52C7208} = {725BF50C-452C-4DE7-86FE-298D3D31455A}
		{D2005096-D2F5-4BFB-94EF-0630646DCA73} = {725BF50C-452C-4DE7-86FE-298D3D31455A}
		{3411DCA7-0AF5-4305-BA15-D5040E51EFA4} = {F2D2D996-4343-42F4-8850-933477C282B4}
		{CC0C7DDB-1D38-4B69-B389-286F1D46171E} = {F2D2D996-4343-42F4-8850-933477C282B4}
		{DD24EEE7-FB48-48D2-999E-3ADCC63A0C58} = {F2D2D996-4343-42F4-8850-933477C282B4}
		{08DD0E23-9670-4216-AF3D-1A6413439A66} = {C7F1659E-E982-4EAB-A5C3-967A71A26A28}
		{615D5CB2-DBCB-49D1-8DC6-4FA5C14C9916} = {C7F1659E-E982-4EAB-A5C3-967A71A26A28}
		{F207026F-DAC4-4C11-91E9-4C31A9DCD3C1} = {C7F1659E-E982-4EAB-A5C3-967A71A26A28}
		{A770D88D-B3B2-46C7-981E-90383B6844D1} = {D266937C-C1F1-4BE3-AC47-64372C65C77B}
		{08621735-6A01-453E-8D86-DF1E189B48A3} = {D266937C-C1F1-4BE3-AC47-64372C65C77B}
		{9A4A0576-F0C5-40C4-97C3-BAD61F740DDE} = {D266937C-C1F1-4BE3-AC47-64372C65C77B}
	EndGlobalSection
	GlobalSection(ExtensibilityGlobals) = postSolution
		SolutionGuid = {A62653F3-E421-48CA-981F-DD1F4EBD871A}
	EndGlobalSection
EndGlobal
