
Microsoft Visual Studio Solution File, Format Version 12.00
# Visual Studio Version 17
VisualStudioVersion = 17.11.35327.3
MinimumVisualStudioVersion = 10.0.40219.1
Project("{2150E333-8FDC-42A3-9474-1A3956D46DE8}") = "Task0", "Task0", "{CE63A3C4-A5FC-420D-B6D1-E929F9C3E90E}"
EndProject
Project("{9A19103F-16F7-4668-BE54-9A1E7A4F7556}") = "Tyuiu.ShindinDN.Sprint4.Task0.V27", "Tyuiu.ShindinDN.Sprint4.Task0.V27\Tyuiu.ShindinDN.Sprint4.Task0.V27.csproj", "{B0649434-2B38-4D08-9F00-CDAFD50A02D8}"
EndProject
Project("{9A19103F-16F7-4668-BE54-9A1E7A4F7556}") = "Tyuiu.ShindinDN.Sprint4.Task0.V27.Lib", "Tyuiu.ShindinDN.Sprint4.Task0.V27.Lib\Tyuiu.ShindinDN.Sprint4.Task0.V27.Lib.csproj", "{A6D4008D-E7F5-431B-8E90-F13EA1A921FC}"
EndProject
Project("{9A19103F-16F7-4668-BE54-9A1E7A4F7556}") = "Tyuiu.ShindinDN.Sprint4.Task0.V27.Test", "Tyuiu.ShindinDN.Sprint4.Task0.V27.Test\Tyuiu.ShindinDN.Sprint4.Task0.V27.Test.csproj", "{7DA6FDD5-9948-4F81-8A15-59C78CE40FA8}"
EndProject
Project("{2150E333-8FDC-42A3-9474-1A3956D46DE8}") = "Task1", "Task1", "{ECC34C50-284E-4A64-BF1D-91C46A48A34A}"
EndProject
Project("{FAE04EC0-301F-11D3-BF4B-00C04F79EFBC}") = "Tyuiu.ShindinDN.Sprint4.Task1.V29", "Tyuiu.ShindinDN.Sprint4.Task1.V29\Tyuiu.ShindinDN.Sprint4.Task1.V29.csproj", "{EA2A6DEF-6A4D-463D-8321-3A870BDA37ED}"
EndProject
Project("{FAE04EC0-301F-11D3-BF4B-00C04F79EFBC}") = "Tyuiu.ShindinDN.Sprint4.Task1.V29.Lib", "Tyuiu.ShindinDN.Sprint4.Task1.V29.Lib\Tyuiu.ShindinDN.Sprint4.Task1.V29.Lib.csproj", "{ACD63C55-752A-4244-862F-6FB42A72BF7E}"
EndProject
Project("{FAE04EC0-301F-11D3-BF4B-00C04F79EFBC}") = "Tyuiu.ShindinDN.Sprint4.Task1.V29.Test", "Tyuiu.ShindinDN.Sprint4.Task1.V29.Test\Tyuiu.ShindinDN.Sprint4.Task1.V29.Test.csproj", "{3F701AE5-4F8B-4170-A163-05B7D5B89944}"
EndProject
Project("{2150E333-8FDC-42A3-9474-1A3956D46DE8}") = "Task2", "Task2", "{110E85BF-AF0A-4C50-BF72-CBF81F08C7DA}"
EndProject
Project("{FAE04EC0-301F-11D3-BF4B-00C04F79EFBC}") = "Tyuiu.ShindinDN.Sprint4.Task2.V22", "Tyuiu.ShindinDN.Sprint4.Task2.V22\Tyuiu.ShindinDN.Sprint4.Task2.V22.csproj", "{A4C310FC-7D37-438A-A57E-25196F501F1A}"
EndProject
Project("{FAE04EC0-301F-11D3-BF4B-00C04F79EFBC}") = "Tyuiu.ShindinDN.Sprint4.Task2.V22.Lib", "Tyuiu.ShindinDN.Sprint4.Task2.V22.Lib\Tyuiu.ShindinDN.Sprint4.Task2.V22.Lib.csproj", "{1CCC8C5D-FA3E-4D95-9B8B-9EC94A5AB796}"
EndProject
Project("{FAE04EC0-301F-11D3-BF4B-00C04F79EFBC}") = "Tyuiu.ShindinDN.Sprint4.Task2.V22.Test", "Tyuiu.ShindinDN.Sprint4.Task2.V22.Test\Tyuiu.ShindinDN.Sprint4.Task2.V22.Test.csproj", "{24F83E80-5812-44F3-A421-F52B4E37874F}"
EndProject
Global
	GlobalSection(SolutionConfigurationPlatforms) = preSolution
		Debug|Any CPU = Debug|Any CPU
		Release|Any CPU = Release|Any CPU
	EndGlobalSection
	GlobalSection(ProjectConfigurationPlatforms) = postSolution
		{B0649434-2B38-4D08-9F00-CDAFD50A02D8}.Debug|Any CPU.ActiveCfg = Debug|Any CPU
		{B0649434-2B38-4D08-9F00-CDAFD50A02D8}.Debug|Any CPU.Build.0 = Debug|Any CPU
		{B0649434-2B38-4D08-9F00-CDAFD50A02D8}.Release|Any CPU.ActiveCfg = Release|Any CPU
		{B0649434-2B38-4D08-9F00-CDAFD50A02D8}.Release|Any CPU.Build.0 = Release|Any CPU
		{A6D4008D-E7F5-431B-8E90-F13EA1A921FC}.Debug|Any CPU.ActiveCfg = Debug|Any CPU
		{A6D4008D-E7F5-431B-8E90-F13EA1A921FC}.Debug|Any CPU.Build.0 = Debug|Any CPU
		{A6D4008D-E7F5-431B-8E90-F13EA1A921FC}.Release|Any CPU.ActiveCfg = Release|Any CPU
		{A6D4008D-E7F5-431B-8E90-F13EA1A921FC}.Release|Any CPU.Build.0 = Release|Any CPU
		{7DA6FDD5-9948-4F81-8A15-59C78CE40FA8}.Debug|Any CPU.ActiveCfg = Debug|Any CPU
		{7DA6FDD5-9948-4F81-8A15-59C78CE40FA8}.Debug|Any CPU.Build.0 = Debug|Any CPU
		{7DA6FDD5-9948-4F81-8A15-59C78CE40FA8}.Release|Any CPU.ActiveCfg = Release|Any CPU
		{7DA6FDD5-9948-4F81-8A15-59C78CE40FA8}.Release|Any CPU.Build.0 = Release|Any CPU
		{EA2A6DEF-6A4D-463D-8321-3A870BDA37ED}.Debug|Any CPU.ActiveCfg = Debug|Any CPU
		{EA2A6DEF-6A4D-463D-8321-3A870BDA37ED}.Debug|Any CPU.Build.0 = Debug|Any CPU
		{EA2A6DEF-6A4D-463D-8321-3A870BDA37ED}.Release|Any CPU.ActiveCfg = Release|Any CPU
		{EA2A6DEF-6A4D-463D-8321-3A870BDA37ED}.Release|Any CPU.Build.0 = Release|Any CPU
		{ACD63C55-752A-4244-862F-6FB42A72BF7E}.Debug|Any CPU.ActiveCfg = Debug|Any CPU
		{ACD63C55-752A-4244-862F-6FB42A72BF7E}.Debug|Any CPU.Build.0 = Debug|Any CPU
		{ACD63C55-752A-4244-862F-6FB42A72BF7E}.Release|Any CPU.ActiveCfg = Release|Any CPU
		{ACD63C55-752A-4244-862F-6FB42A72BF7E}.Release|Any CPU.Build.0 = Release|Any CPU
		{3F701AE5-4F8B-4170-A163-05B7D5B89944}.Debug|Any CPU.ActiveCfg = Debug|Any CPU
		{3F701AE5-4F8B-4170-A163-05B7D5B89944}.Debug|Any CPU.Build.0 = Debug|Any CPU
		{3F701AE5-4F8B-4170-A163-05B7D5B89944}.Release|Any CPU.ActiveCfg = Release|Any CPU
		{3F701AE5-4F8B-4170-A163-05B7D5B89944}.Release|Any CPU.Build.0 = Release|Any CPU
		{A4C310FC-7D37-438A-A57E-25196F501F1A}.Debug|Any CPU.ActiveCfg = Debug|Any CPU
		{A4C310FC-7D37-438A-A57E-25196F501F1A}.Debug|Any CPU.Build.0 = Debug|Any CPU
		{A4C310FC-7D37-438A-A57E-25196F501F1A}.Release|Any CPU.ActiveCfg = Release|Any CPU
		{A4C310FC-7D37-438A-A57E-25196F501F1A}.Release|Any CPU.Build.0 = Release|Any CPU
		{1CCC8C5D-FA3E-4D95-9B8B-9EC94A5AB796}.Debug|Any CPU.ActiveCfg = Debug|Any CPU
		{1CCC8C5D-FA3E-4D95-9B8B-9EC94A5AB796}.Debug|Any CPU.Build.0 = Debug|Any CPU
		{1CCC8C5D-FA3E-4D95-9B8B-9EC94A5AB796}.Release|Any CPU.ActiveCfg = Release|Any CPU
		{1CCC8C5D-FA3E-4D95-9B8B-9EC94A5AB796}.Release|Any CPU.Build.0 = Release|Any CPU
		{24F83E80-5812-44F3-A421-F52B4E37874F}.Debug|Any CPU.ActiveCfg = Debug|Any CPU
		{24F83E80-5812-44F3-A421-F52B4E37874F}.Debug|Any CPU.Build.0 = Debug|Any CPU
		{24F83E80-5812-44F3-A421-F52B4E37874F}.Release|Any CPU.ActiveCfg = Release|Any CPU
		{24F83E80-5812-44F3-A421-F52B4E37874F}.Release|Any CPU.Build.0 = Release|Any CPU
	EndGlobalSection
	GlobalSection(SolutionProperties) = preSolution
		HideSolutionNode = FALSE
	EndGlobalSection
	GlobalSection(NestedProjects) = preSolution
		{B0649434-2B38-4D08-9F00-CDAFD50A02D8} = {CE63A3C4-A5FC-420D-B6D1-E929F9C3E90E}
		{A6D4008D-E7F5-431B-8E90-F13EA1A921FC} = {CE63A3C4-A5FC-420D-B6D1-E929F9C3E90E}
		{7DA6FDD5-9948-4F81-8A15-59C78CE40FA8} = {CE63A3C4-A5FC-420D-B6D1-E929F9C3E90E}
		{EA2A6DEF-6A4D-463D-8321-3A870BDA37ED} = {ECC34C50-284E-4A64-BF1D-91C46A48A34A}
		{ACD63C55-752A-4244-862F-6FB42A72BF7E} = {ECC34C50-284E-4A64-BF1D-91C46A48A34A}
		{3F701AE5-4F8B-4170-A163-05B7D5B89944} = {ECC34C50-284E-4A64-BF1D-91C46A48A34A}
		{A4C310FC-7D37-438A-A57E-25196F501F1A} = {110E85BF-AF0A-4C50-BF72-CBF81F08C7DA}
		{1CCC8C5D-FA3E-4D95-9B8B-9EC94A5AB796} = {110E85BF-AF0A-4C50-BF72-CBF81F08C7DA}
		{24F83E80-5812-44F3-A421-F52B4E37874F} = {110E85BF-AF0A-4C50-BF72-CBF81F08C7DA}
	EndGlobalSection
	GlobalSection(ExtensibilityGlobals) = postSolution
		SolutionGuid = {A62653F3-E421-48CA-981F-DD1F4EBD871A}
	EndGlobalSection
EndGlobal
